// !$*UTF8*$!
{
	archiveVersion = 1;
	classes = {
	};
	objectVersion = 46;
	objects = {

/* Begin PBXBuildFile section */
		F5AF7FCF1E3F6578003D5B8B /* main.m in Sources */ = {isa = PBXBuildFile; fileRef = F5AF7FCE1E3F6578003D5B8B /* main.m */; };
		F5AF7FD21E3F6578003D5B8B /* AppDelegate.m in Sources */ = {isa = PBXBuildFile; fileRef = F5AF7FD11E3F6578003D5B8B /* AppDelegate.m */; };
		F5AF7FD51E3F6578003D5B8B /* ViewController.m in Sources */ = {isa = PBXBuildFile; fileRef = F5AF7FD41E3F6578003D5B8B /* ViewController.m */; };
		F5AF7FD81E3F6578003D5B8B /* Main.storyboard in Resources */ = {isa = PBXBuildFile; fileRef = F5AF7FD61E3F6578003D5B8B /* Main.storyboard */; };
		F5AF7FDA1E3F6578003D5B8B /* Assets.xcassets in Resources */ = {isa = PBXBuildFile; fileRef = F5AF7FD91E3F6578003D5B8B /* Assets.xcassets */; };
		F5AF7FDD1E3F6578003D5B8B /* LaunchScreen.storyboard in Resources */ = {isa = PBXBuildFile; fileRef = F5AF7FDB1E3F6578003D5B8B /* LaunchScreen.storyboard */; };
/* End PBXBuildFile section */

/* Begin PBXFileReference section */
		F5AF7FCA1E3F6577003D5B8B /* VK API.app */ = {isa = PBXFileReference; explicitFileType = wrapper.application; includeInIndex = 0; path = "VK API.app"; sourceTree = BUILT_PRODUCTS_DIR; };
		F5AF7FCE1E3F6578003D5B8B /* main.m */ = {isa = PBXFileReference; lastKnownFileType = sourcecode.c.objc; path = main.m; sourceTree = "<group>"; };
		F5AF7FD01E3F6578003D5B8B /* AppDelegate.h */ = {isa = PBXFileReference; lastKnownFileType = sourcecode.c.h; path = AppDelegate.h; sourceTree = "<group>"; };
		F5AF7FD11E3F6578003D5B8B /* AppDelegate.m */ = {isa = PBXFileReference; lastKnownFileType = sourcecode.c.objc; path = AppDelegate.m; sourceTree = "<group>"; };
		F5AF7FD31E3F6578003D5B8B /* ViewController.h */ = {isa = PBXFileReference; lastKnownFileType = sourcecode.c.h; path = ViewController.h; sourceTree = "<group>"; };
		F5AF7FD41E3F6578003D5B8B /* ViewController.m */ = {isa = PBXFileReference; lastKnownFileType = sourcecode.c.objc; path = ViewController.m; sourceTree = "<group>"; };
		F5AF7FD71E3F6578003D5B8B /* Base */ = {isa = PBXFileReference; lastKnownFileType = file.storyboard; name = Base; path = Base.lproj/Main.storyboard; sourceTree = "<group>"; };
		F5AF7FD91E3F6578003D5B8B /* Assets.xcassets */ = {isa = PBXFileReference; lastKnownFileType = folder.assetcatalog; path = Assets.xcassets; sourceTree = "<group>"; };
		F5AF7FDC1E3F6578003D5B8B /* Base */ = {isa = PBXFileReference; lastKnownFileType = file.storyboard; name = Base; path = Base.lproj/LaunchScreen.storyboard; sourceTree = "<group>"; };
		F5AF7FDE1E3F6578003D5B8B /* Info.plist */ = {isa = PBXFileReference; lastKnownFileType = text.plist.xml; path = Info.plist; sourceTree = "<group>"; };
/* End PBXFileReference section */

/* Begin PBXFrameworksBuildPhase section */
		F5AF7FC71E3F6577003D5B8B /* Frameworks */ = {
			isa = PBXFrameworksBuildPhase;
			buildActionMask = 2147483647;
			files = (
			);
			runOnlyForDeploymentPostprocessing = 0;
		};
/* End PBXFrameworksBuildPhase section */

/* Begin PBXGroup section */
		F5AF7FC11E3F6577003D5B8B = {
			isa = PBXGroup;
			children = (
				F5AF7FCC1E3F6578003D5B8B /* VK API */,
				F5AF7FCB1E3F6577003D5B8B /* Products */,
			);
			sourceTree = "<group>";
		};
		F5AF7FCB1E3F6577003D5B8B /* Products */ = {
			isa = PBXGroup;
			children = (
				F5AF7FCA1E3F6577003D5B8B /* VK API.app */,
			);
			name = Products;
			sourceTree = "<group>";
		};
		F5AF7FCC1E3F6578003D5B8B /* VK API */ = {
			isa = PBXGroup;
			children = (
				F5AF7FD01E3F6578003D5B8B /* AppDelegate.h */,
				F5AF7FD11E3F6578003D5B8B /* AppDelegate.m */,
				F5AF7FD31E3F6578003D5B8B /* ViewController.h */,
				F5AF7FD41E3F6578003D5B8B /* ViewController.m */,
				F5AF7FD61E3F6578003D5B8B /* Main.storyboard */,
				F5AF7FD91E3F6578003D5B8B /* Assets.xcassets */,
				F5AF7FDB1E3F6578003D5B8B /* LaunchScreen.storyboard */,
				F5AF7FDE1E3F6578003D5B8B /* Info.plist */,
				F5AF7FCD1E3F6578003D5B8B /* Supporting Files */,
			);
			path = "VK API";
			sourceTree = "<group>";
		};
		F5AF7FCD1E3F6578003D5B8B /* Supporting Files */ = {
			isa = PBXGroup;
			children = (
				F5AF7FCE1E3F6578003D5B8B /* main.m */,
			);
			name = "Supporting Files";
			sourceTree = "<group>";
		};
/* End PBXGroup section */

/* Begin PBXNativeTarget section */
		F5AF7FC91E3F6577003D5B8B /* VK API */ = {
			isa = PBXNativeTarget;
			buildConfigurationList = F5AF7FE11E3F6578003D5B8B /* Build configuration list for PBXNativeTarget "VK API" */;
			buildPhases = (
				F5AF7FC61E3F6577003D5B8B /* Sources */,
				F5AF7FC71E3F6577003D5B8B /* Frameworks */,
				F5AF7FC81E3F6577003D5B8B /* Resources */,
			);
			buildRules = (
			);
			dependencies = (
			);
			name = "VK API";
			productName = "VK API";
			productReference = F5AF7FCA1E3F6577003D5B8B /* VK API.app */;
			productType = "com.apple.product-type.application";
		};
/* End PBXNativeTarget section */

/* Begin PBXProject section */
		F5AF7FC21E3F6577003D5B8B /* Project object */ = {
			isa = PBXProject;
			attributes = {
				LastUpgradeCheck = 0730;
				ORGANIZATIONNAME = Vlad;
				TargetAttributes = {
					F5AF7FC91E3F6577003D5B8B = {
						CreatedOnToolsVersion = 7.3.1;
					};
				};
			};
			buildConfigurationList = F5AF7FC51E3F6577003D5B8B /* Build configuration list for PBXProject "VK API" */;
			compatibilityVersion = "Xcode 3.2";
			developmentRegion = English;
			hasScannedForEncodings = 0;
			knownRegions = (
				en,
				Base,
			);
			mainGroup = F5AF7FC11E3F6577003D5B8B;
			productRefGroup = F5AF7FCB1E3F6577003D5B8B /* Products */;
			projectDirPath = "";
			projectRoot = "";
			targets = (
				F5AF7FC91E3F6577003D5B8B /* VK API */,
			);
		};
/* End PBXProject section */

/* Begin PBXResourcesBuildPhase section */
		F5AF7FC81E3F6577003D5B8B /* Resources */ = {
			isa = PBXResourcesBuildPhase;
			buildActionMask = 2147483647;
			files = (
				F5AF7FDD1E3F6578003D5B8B /* LaunchScreen.storyboard in Resources */,
				F5AF7FDA1E3F6578003D5B8B /* Assets.xcassets in Resources */,
				F5AF7FD81E3F6578003D5B8B /* Main.storyboard in Resources */,
			);
			runOnlyForDeploymentPostprocessing = 0;
		};
/* End PBXResourcesBuildPhase section */

/* Begin PBXSourcesBuildPhase section */
		F5AF7FC61E3F6577003D5B8B /* Sources */ = {
			isa = PBXSourcesBuildPhase;
			buildActionMask = 2147483647;
			files = (
				F5AF7FD51E3F6578003D5B8B /* ViewController.m in Sources */,
				F5AF7FD21E3F6578003D5B8B /* AppDelegate.m in Sources */,
				F5AF7FCF1E3F6578003D5B8B /* main.m in Sources */,
			);
			runOnlyForDeploymentPostprocessing = 0;
		};
/* End PBXSourcesBuildPhase section */

/* Begin PBXVariantGroup section */
		F5AF7FD61E3F6578003D5B8B /* Main.storyboard */ = {
			isa = PBXVariantGroup;
			children = (
				F5AF7FD71E3F6578003D5B8B /* Base */,
			);
			name = Main.storyboard;
			sourceTree = "<group>";
		};
		F5AF7FDB1E3F6578003D5B8B /* LaunchScreen.storyboard */ = {
			isa = PBXVariantGroup;
			children = (
				F5AF7FDC1E3F6578003D5B8B /* Base */,
			);
			name = LaunchScreen.storyboard;
			sourceTree = "<group>";
		};
/* End PBXVariantGroup section */

/* Begin XCBuildConfiguration section */
		F5AF7FDF1E3F6578003D5B8B /* Debug */ = {
			isa = XCBuildConfiguration;
			buildSettings = {
				ALWAYS_SEARCH_USER_PATHS = NO;
				CLANG_ANALYZER_NONNULL = YES;
				CLANG_CXX_LANGUAGE_STANDARD = "gnu++0x";
				CLANG_CXX_LIBRARY = "libc++";
				CLANG_ENABLE_MODULES = YES;
				CLANG_ENABLE_OBJC_ARC = YES;
				CLANG_WARN_BOOL_CONVERSION = YES;
				CLANG_WARN_CONSTANT_CONVERSION = YES;
				CLANG_WARN_DIRECT_OBJC_ISA_USAGE = YES_ERROR;
				CLANG_WARN_EMPTY_BODY = YES;
				CLANG_WARN_ENUM_CONVERSION = YES;
				CLANG_WARN_INT_CONVERSION = YES;
				CLANG_WARN_OBJC_ROOT_CLASS = YES_ERROR;
				CLANG_WARN_UNREACHABLE_CODE = YES;
				CLANG_WARN__DUPLICATE_METHOD_MATCH = YES;
				"CODE_SIGN_IDENTITY[sdk=iphoneos*]" = "iPhone Developer";
				COPY_PHASE_STRIP = NO;
				DEBUG_INFORMATION_FORMAT = dwarf;
				ENABLE_STRICT_OBJC_MSGSEND = YES;
				ENABLE_TESTABILITY = YES;
				GCC_C_LANGUAGE_STANDARD = gnu99;
				GCC_DYNAMIC_NO_PIC = NO;
				GCC_NO_COMMON_BLOCKS = YES;
				GCC_OPTIMIZATION_LEVEL = 0;
				GCC_PREPROCESSOR_DEFINITIONS = (
					"DEBUG=1",
					"$(inherited)",
				);
				GCC_WARN_64_TO_32_BIT_CONVERSION = YES;
				GCC_WARN_ABOUT_RETURN_TYPE = YES_ERROR;
				GCC_WARN_UNDECLARED_SELECTOR = YES;
				GCC_WARN_UNINITIALIZED_AUTOS = YES_AGGRESSIVE;
				GCC_WARN_UNUSED_FUNCTION = YES;
				GCC_WARN_UNUSED_VARIABLE = YES;
				IPHONEOS_DEPLOYMENT_TARGET = 9.3;
				MTL_ENABLE_DEBUG_INFO = YES;
				ONLY_ACTIVE_ARCH = YES;
				SDKROOT = iphoneos;
			};
			name = Debug;
		};
		F5AF7FE01E3F6578003D5B8B /* Release */ = {
			isa = XCBuildConfiguration;
			buildSettings = {
				ALWAYS_SEARCH_USER_PATHS = NO;
				CLANG_ANALYZER_NONNULL = YES;
				CLANG_CXX_LANGUAGE_STANDARD = "gnu++0x";
				CLANG_CXX_LIBRARY = "libc++";
				CLANG_ENABLE_MODULES = YES;
				CLANG_ENABLE_OBJC_ARC = YES;
				CLANG_WARN_BOOL_CONVERSION = YES;
				CLANG_WARN_CONSTANT_CONVERSION = YES;
				CLANG_WARN_DIRECT_OBJC_ISA_USAGE = YES_ERROR;
				CLANG_WARN_EMPTY_BODY = YES;
				CLANG_WARN_ENUM_CONVERSION = YES;
				CLANG_WARN_INT_CONVERSION = YES;
				CLANG_WARN_OBJC_ROOT_CLASS = YES_ERROR;
				CLANG_WARN_UNREACHABLE_CODE = YES;
				CLANG_WARN__DUPLICATE_METHOD_MATCH = YES;
				"CODE_SIGN_IDENTITY[sdk=iphoneos*]" = "iPhone Developer";
				COPY_PHASE_STRIP = NO;
				DEBUG_INFORMATION_FORMAT = "dwarf-with-dsym";
				ENABLE_NS_ASSERTIONS = NO;
				ENABLE_STRICT_OBJC_MSGSEND = YES;
				GCC_C_LANGUAGE_STANDARD = gnu99;
				GCC_NO_COMMON_BLOCKS = YES;
				GCC_WARN_64_TO_32_BIT_CONVERSION = YES;
				GCC_WARN_ABOUT_RETURN_TYPE = YES_ERROR;
				GCC_WARN_UNDECLARED_SELECTOR = YES;
				GCC_WARN_UNINITIALIZED_AUTOS = YES_AGGRESSIVE;
				GCC_WARN_UNUSED_FUNCTION = YES;
				GCC_WARN_UNUSED_VARIABLE = YES;
				IPHONEOS_DEPLOYMENT_TARGET = 9.3;
				MTL_ENABLE_DEBUG_INFO = NO;
				SDKROOT = iphoneos;
				VALIDATE_PRODUCT = YES;
			};
			name = Release;
		};
		F5AF7FE21E3F6578003D5B8B /* Debug */ = {
			isa = XCBuildConfiguration;
			buildSettings = {
				ASSETCATALOG_COMPILER_APPICON_NAME = AppIcon;
				INFOPLIST_FILE = "VK API/Info.plist";
				LD_RUNPATH_SEARCH_PATHS = "$(inherited) @executable_path/Frameworks";
				PRODUCT_BUNDLE_IDENTIFIER = "com.azaza.VK-API";
				PRODUCT_NAME = "$(TARGET_NAME)";
			};
			name = Debug;
		};
		F5AF7FE31E3F6578003D5B8B /* Release */ = {
			isa = XCBuildConfiguration;
			buildSettings = {
				ASSETCATALOG_COMPILER_APPICON_NAME = AppIcon;
				INFOPLIST_FILE = "VK API/Info.plist";
				LD_RUNPATH_SEARCH_PATHS = "$(inherited) @executable_path/Frameworks";
				PRODUCT_BUNDLE_IDENTIFIER = "com.azaza.VK-API";
				PRODUCT_NAME = "$(TARGET_NAME)";
			};
			name = Release;
		};
/* End XCBuildConfiguration section */

/* Begin XCConfigurationList section */
		F5AF7FC51E3F6577003D5B8B /* Build configuration list for PBXProject "VK API" */ = {
			isa = XCConfigurationList;
			buildConfigurations = (
				F5AF7FDF1E3F6578003D5B8B /* Debug */,
				F5AF7FE01E3F6578003D5B8B /* Release */,
			);
			defaultConfigurationIsVisible = 0;
			defaultConfigurationName = Release;
		};
		F5AF7FE11E3F6578003D5B8B /* Build configuration list for PBXNativeTarget "VK API" */ = {
			isa = XCConfigurationList;
			buildConfigurations = (
				F5AF7FE21E3F6578003D5B8B /* Debug */,
				F5AF7FE31E3F6578003D5B8B /* Release */,
			);
			defaultConfigurationIsVisible = 0;
		};
/* End XCConfigurationList section */
	};
	rootObject = F5AF7FC21E3F6577003D5B8B /* Project object */;
}
