// !$*UTF8*$!
{
	archiveVersion = 1;
	classes = {
	};
	objectVersion = 46;
	objects = {

/* Begin PBXBuildFile section */
		F5AF7FCF1E3F6578003D5B8B /* main.m in Sources */ = {isa = PBXBuildFile; fileRef = F5AF7FCE1E3F6578003D5B8B /* main.m */; };
		F5AF7FD21E3F6578003D5B8B /* AppDelegate.m in Sources */ = {isa = PBXBuildFile; fileRef = F5AF7FD11E3F6578003D5B8B /* AppDelegate.m */; };
		F5AF7FD81E3F6578003D5B8B /* Main.storyboard in Resources */ = {isa = PBXBuildFile; fileRef = F5AF7FD61E3F6578003D5B8B /* Main.storyboard */; };
		F5AF7FDA1E3F6578003D5B8B /* Assets.xcassets in Resources */ = {isa = PBXBuildFile; fileRef = F5AF7FD91E3F6578003D5B8B /* Assets.xcassets */; };
		F5AF7FDD1E3F6578003D5B8B /* LaunchScreen.storyboard in Resources */ = {isa = PBXBuildFile; fileRef = F5AF7FDB1E3F6578003D5B8B /* LaunchScreen.storyboard */; };
		F5AF7FE61E3F6661003D5B8B /* FriendsTableViewController.m in Sources */ = {isa = PBXBuildFile; fileRef = F5AF7FE51E3F6661003D5B8B /* FriendsTableViewController.m */; };
		F5AF7FE91E3F66D6003D5B8B /* ServerManager.m in Sources */ = {isa = PBXBuildFile; fileRef = F5AF7FE81E3F66D6003D5B8B /* ServerManager.m */; };
		F5AF800E1E3F6700003D5B8B /* AFHTTPSessionManager.m in Sources */ = {isa = PBXBuildFile; fileRef = F5AF7FED1E3F6700003D5B8B /* AFHTTPSessionManager.m */; };
		F5AF800F1E3F6700003D5B8B /* AFNetworkReachabilityManager.m in Sources */ = {isa = PBXBuildFile; fileRef = F5AF7FF01E3F6700003D5B8B /* AFNetworkReachabilityManager.m */; };
		F5AF80101E3F6700003D5B8B /* AFSecurityPolicy.m in Sources */ = {isa = PBXBuildFile; fileRef = F5AF7FF21E3F6700003D5B8B /* AFSecurityPolicy.m */; };
		F5AF80111E3F6700003D5B8B /* AFURLRequestSerialization.m in Sources */ = {isa = PBXBuildFile; fileRef = F5AF7FF41E3F6700003D5B8B /* AFURLRequestSerialization.m */; };
		F5AF80121E3F6700003D5B8B /* AFURLResponseSerialization.m in Sources */ = {isa = PBXBuildFile; fileRef = F5AF7FF61E3F6700003D5B8B /* AFURLResponseSerialization.m */; };
		F5AF80131E3F6700003D5B8B /* AFURLSessionManager.m in Sources */ = {isa = PBXBuildFile; fileRef = F5AF7FF81E3F6700003D5B8B /* AFURLSessionManager.m */; };
		F5AF80141E3F6700003D5B8B /* AFAutoPurgingImageCache.m in Sources */ = {isa = PBXBuildFile; fileRef = F5AF7FFB1E3F6700003D5B8B /* AFAutoPurgingImageCache.m */; };
		F5AF80151E3F6700003D5B8B /* AFImageDownloader.m in Sources */ = {isa = PBXBuildFile; fileRef = F5AF7FFD1E3F6700003D5B8B /* AFImageDownloader.m */; };
		F5AF80161E3F6700003D5B8B /* AFNetworkActivityIndicatorManager.m in Sources */ = {isa = PBXBuildFile; fileRef = F5AF7FFF1E3F6700003D5B8B /* AFNetworkActivityIndicatorManager.m */; };
		F5AF80171E3F6700003D5B8B /* UIActivityIndicatorView+AFNetworking.m in Sources */ = {isa = PBXBuildFile; fileRef = F5AF80011E3F6700003D5B8B /* UIActivityIndicatorView+AFNetworking.m */; };
		F5AF80181E3F6700003D5B8B /* UIButton+AFNetworking.m in Sources */ = {isa = PBXBuildFile; fileRef = F5AF80031E3F6700003D5B8B /* UIButton+AFNetworking.m */; };
		F5AF80191E3F6700003D5B8B /* UIImageView+AFNetworking.m in Sources */ = {isa = PBXBuildFile; fileRef = F5AF80061E3F6700003D5B8B /* UIImageView+AFNetworking.m */; };
		F5AF801A1E3F6700003D5B8B /* UIProgressView+AFNetworking.m in Sources */ = {isa = PBXBuildFile; fileRef = F5AF80091E3F6700003D5B8B /* UIProgressView+AFNetworking.m */; };
		F5AF801B1E3F6700003D5B8B /* UIRefreshControl+AFNetworking.m in Sources */ = {isa = PBXBuildFile; fileRef = F5AF800B1E3F6700003D5B8B /* UIRefreshControl+AFNetworking.m */; };
		F5AF801C1E3F6700003D5B8B /* UIWebView+AFNetworking.m in Sources */ = {isa = PBXBuildFile; fileRef = F5AF800D1E3F6700003D5B8B /* UIWebView+AFNetworking.m */; };
		F5AF801E1E3F677E003D5B8B /* user.png in Resources */ = {isa = PBXBuildFile; fileRef = F5AF801D1E3F677E003D5B8B /* user.png */; };
		F5AF80291E3F7B8B003D5B8B /* UIScrollView+InfiniteScroll.m in Sources */ = {isa = PBXBuildFile; fileRef = F5AF80281E3F7B8B003D5B8B /* UIScrollView+InfiniteScroll.m */; };
		F5AF802C1E3F859D003D5B8B /* Friend.m in Sources */ = {isa = PBXBuildFile; fileRef = F5AF802B1E3F859D003D5B8B /* Friend.m */; };
/* End PBXBuildFile section */

/* Begin PBXFileReference section */
		F5AF7FCA1E3F6577003D5B8B /* VK API.app */ = {isa = PBXFileReference; explicitFileType = wrapper.application; includeInIndex = 0; path = "VK API.app"; sourceTree = BUILT_PRODUCTS_DIR; };
		F5AF7FCE1E3F6578003D5B8B /* main.m */ = {isa = PBXFileReference; lastKnownFileType = sourcecode.c.objc; path = main.m; sourceTree = "<group>"; };
		F5AF7FD01E3F6578003D5B8B /* AppDelegate.h */ = {isa = PBXFileReference; lastKnownFileType = sourcecode.c.h; path = AppDelegate.h; sourceTree = "<group>"; };
		F5AF7FD11E3F6578003D5B8B /* AppDelegate.m */ = {isa = PBXFileReference; lastKnownFileType = sourcecode.c.objc; path = AppDelegate.m; sourceTree = "<group>"; };
		F5AF7FD71E3F6578003D5B8B /* Base */ = {isa = PBXFileReference; lastKnownFileType = file.storyboard; name = Base; path = Base.lproj/Main.storyboard; sourceTree = "<group>"; };
		F5AF7FD91E3F6578003D5B8B /* Assets.xcassets */ = {isa = PBXFileReference; lastKnownFileType = folder.assetcatalog; path = Assets.xcassets; sourceTree = "<group>"; };
		F5AF7FDC1E3F6578003D5B8B /* Base */ = {isa = PBXFileReference; lastKnownFileType = file.storyboard; name = Base; path = Base.lproj/LaunchScreen.storyboard; sourceTree = "<group>"; };
		F5AF7FDE1E3F6578003D5B8B /* Info.plist */ = {isa = PBXFileReference; lastKnownFileType = text.plist.xml; path = Info.plist; sourceTree = "<group>"; };
		F5AF7FE41E3F6661003D5B8B /* FriendsTableViewController.h */ = {isa = PBXFileReference; fileEncoding = 4; lastKnownFileType = sourcecode.c.h; path = FriendsTableViewController.h; sourceTree = "<group>"; };
		F5AF7FE51E3F6661003D5B8B /* FriendsTableViewController.m */ = {isa = PBXFileReference; fileEncoding = 4; lastKnownFileType = sourcecode.c.objc; path = FriendsTableViewController.m; sourceTree = "<group>"; };
		F5AF7FE71E3F66D6003D5B8B /* ServerManager.h */ = {isa = PBXFileReference; fileEncoding = 4; lastKnownFileType = sourcecode.c.h; path = ServerManager.h; sourceTree = "<group>"; };
		F5AF7FE81E3F66D6003D5B8B /* ServerManager.m */ = {isa = PBXFileReference; fileEncoding = 4; lastKnownFileType = sourcecode.c.objc; path = ServerManager.m; sourceTree = "<group>"; };
		F5AF7FEC1E3F6700003D5B8B /* AFHTTPSessionManager.h */ = {isa = PBXFileReference; fileEncoding = 4; lastKnownFileType = sourcecode.c.h; path = AFHTTPSessionManager.h; sourceTree = "<group>"; };
		F5AF7FED1E3F6700003D5B8B /* AFHTTPSessionManager.m */ = {isa = PBXFileReference; fileEncoding = 4; lastKnownFileType = sourcecode.c.objc; path = AFHTTPSessionManager.m; sourceTree = "<group>"; };
		F5AF7FEE1E3F6700003D5B8B /* AFNetworking.h */ = {isa = PBXFileReference; fileEncoding = 4; lastKnownFileType = sourcecode.c.h; path = AFNetworking.h; sourceTree = "<group>"; };
		F5AF7FEF1E3F6700003D5B8B /* AFNetworkReachabilityManager.h */ = {isa = PBXFileReference; fileEncoding = 4; lastKnownFileType = sourcecode.c.h; path = AFNetworkReachabilityManager.h; sourceTree = "<group>"; };
		F5AF7FF01E3F6700003D5B8B /* AFNetworkReachabilityManager.m */ = {isa = PBXFileReference; fileEncoding = 4; lastKnownFileType = sourcecode.c.objc; path = AFNetworkReachabilityManager.m; sourceTree = "<group>"; };
		F5AF7FF11E3F6700003D5B8B /* AFSecurityPolicy.h */ = {isa = PBXFileReference; fileEncoding = 4; lastKnownFileType = sourcecode.c.h; path = AFSecurityPolicy.h; sourceTree = "<group>"; };
		F5AF7FF21E3F6700003D5B8B /* AFSecurityPolicy.m */ = {isa = PBXFileReference; fileEncoding = 4; lastKnownFileType = sourcecode.c.objc; path = AFSecurityPolicy.m; sourceTree = "<group>"; };
		F5AF7FF31E3F6700003D5B8B /* AFURLRequestSerialization.h */ = {isa = PBXFileReference; fileEncoding = 4; lastKnownFileType = sourcecode.c.h; path = AFURLRequestSerialization.h; sourceTree = "<group>"; };
		F5AF7FF41E3F6700003D5B8B /* AFURLRequestSerialization.m */ = {isa = PBXFileReference; fileEncoding = 4; lastKnownFileType = sourcecode.c.objc; path = AFURLRequestSerialization.m; sourceTree = "<group>"; };
		F5AF7FF51E3F6700003D5B8B /* AFURLResponseSerialization.h */ = {isa = PBXFileReference; fileEncoding = 4; lastKnownFileType = sourcecode.c.h; path = AFURLResponseSerialization.h; sourceTree = "<group>"; };
		F5AF7FF61E3F6700003D5B8B /* AFURLResponseSerialization.m */ = {isa = PBXFileReference; fileEncoding = 4; lastKnownFileType = sourcecode.c.objc; path = AFURLResponseSerialization.m; sourceTree = "<group>"; };
		F5AF7FF71E3F6700003D5B8B /* AFURLSessionManager.h */ = {isa = PBXFileReference; fileEncoding = 4; lastKnownFileType = sourcecode.c.h; path = AFURLSessionManager.h; sourceTree = "<group>"; };
		F5AF7FF81E3F6700003D5B8B /* AFURLSessionManager.m */ = {isa = PBXFileReference; fileEncoding = 4; lastKnownFileType = sourcecode.c.objc; path = AFURLSessionManager.m; sourceTree = "<group>"; };
		F5AF7FFA1E3F6700003D5B8B /* AFAutoPurgingImageCache.h */ = {isa = PBXFileReference; fileEncoding = 4; lastKnownFileType = sourcecode.c.h; path = AFAutoPurgingImageCache.h; sourceTree = "<group>"; };
		F5AF7FFB1E3F6700003D5B8B /* AFAutoPurgingImageCache.m */ = {isa = PBXFileReference; fileEncoding = 4; lastKnownFileType = sourcecode.c.objc; path = AFAutoPurgingImageCache.m; sourceTree = "<group>"; };
		F5AF7FFC1E3F6700003D5B8B /* AFImageDownloader.h */ = {isa = PBXFileReference; fileEncoding = 4; lastKnownFileType = sourcecode.c.h; path = AFImageDownloader.h; sourceTree = "<group>"; };
		F5AF7FFD1E3F6700003D5B8B /* AFImageDownloader.m */ = {isa = PBXFileReference; fileEncoding = 4; lastKnownFileType = sourcecode.c.objc; path = AFImageDownloader.m; sourceTree = "<group>"; };
		F5AF7FFE1E3F6700003D5B8B /* AFNetworkActivityIndicatorManager.h */ = {isa = PBXFileReference; fileEncoding = 4; lastKnownFileType = sourcecode.c.h; path = AFNetworkActivityIndicatorManager.h; sourceTree = "<group>"; };
		F5AF7FFF1E3F6700003D5B8B /* AFNetworkActivityIndicatorManager.m */ = {isa = PBXFileReference; fileEncoding = 4; lastKnownFileType = sourcecode.c.objc; path = AFNetworkActivityIndicatorManager.m; sourceTree = "<group>"; };
		F5AF80001E3F6700003D5B8B /* UIActivityIndicatorView+AFNetworking.h */ = {isa = PBXFileReference; fileEncoding = 4; lastKnownFileType = sourcecode.c.h; path = "UIActivityIndicatorView+AFNetworking.h"; sourceTree = "<group>"; };
		F5AF80011E3F6700003D5B8B /* UIActivityIndicatorView+AFNetworking.m */ = {isa = PBXFileReference; fileEncoding = 4; lastKnownFileType = sourcecode.c.objc; path = "UIActivityIndicatorView+AFNetworking.m"; sourceTree = "<group>"; };
		F5AF80021E3F6700003D5B8B /* UIButton+AFNetworking.h */ = {isa = PBXFileReference; fileEncoding = 4; lastKnownFileType = sourcecode.c.h; path = "UIButton+AFNetworking.h"; sourceTree = "<group>"; };
		F5AF80031E3F6700003D5B8B /* UIButton+AFNetworking.m */ = {isa = PBXFileReference; fileEncoding = 4; lastKnownFileType = sourcecode.c.objc; path = "UIButton+AFNetworking.m"; sourceTree = "<group>"; };
		F5AF80041E3F6700003D5B8B /* UIImage+AFNetworking.h */ = {isa = PBXFileReference; fileEncoding = 4; lastKnownFileType = sourcecode.c.h; path = "UIImage+AFNetworking.h"; sourceTree = "<group>"; };
		F5AF80051E3F6700003D5B8B /* UIImageView+AFNetworking.h */ = {isa = PBXFileReference; fileEncoding = 4; lastKnownFileType = sourcecode.c.h; path = "UIImageView+AFNetworking.h"; sourceTree = "<group>"; };
		F5AF80061E3F6700003D5B8B /* UIImageView+AFNetworking.m */ = {isa = PBXFileReference; fileEncoding = 4; lastKnownFileType = sourcecode.c.objc; path = "UIImageView+AFNetworking.m"; sourceTree = "<group>"; };
		F5AF80071E3F6700003D5B8B /* UIKit+AFNetworking.h */ = {isa = PBXFileReference; fileEncoding = 4; lastKnownFileType = sourcecode.c.h; path = "UIKit+AFNetworking.h"; sourceTree = "<group>"; };
		F5AF80081E3F6700003D5B8B /* UIProgressView+AFNetworking.h */ = {isa = PBXFileReference; fileEncoding = 4; lastKnownFileType = sourcecode.c.h; path = "UIProgressView+AFNetworking.h"; sourceTree = "<group>"; };
		F5AF80091E3F6700003D5B8B /* UIProgressView+AFNetworking.m */ = {isa = PBXFileReference; fileEncoding = 4; lastKnownFileType = sourcecode.c.objc; path = "UIProgressView+AFNetworking.m"; sourceTree = "<group>"; };
		F5AF800A1E3F6700003D5B8B /* UIRefreshControl+AFNetworking.h */ = {isa = PBXFileReference; fileEncoding = 4; lastKnownFileType = sourcecode.c.h; path = "UIRefreshControl+AFNetworking.h"; sourceTree = "<group>"; };
		F5AF800B1E3F6700003D5B8B /* UIRefreshControl+AFNetworking.m */ = {isa = PBXFileReference; fileEncoding = 4; lastKnownFileType = sourcecode.c.objc; path = "UIRefreshControl+AFNetworking.m"; sourceTree = "<group>"; };
		F5AF800C1E3F6700003D5B8B /* UIWebView+AFNetworking.h */ = {isa = PBXFileReference; fileEncoding = 4; lastKnownFileType = sourcecode.c.h; path = "UIWebView+AFNetworking.h"; sourceTree = "<group>"; };
		F5AF800D1E3F6700003D5B8B /* UIWebView+AFNetworking.m */ = {isa = PBXFileReference; fileEncoding = 4; lastKnownFileType = sourcecode.c.objc; path = "UIWebView+AFNetworking.m"; sourceTree = "<group>"; };
		F5AF801D1E3F677E003D5B8B /* user.png */ = {isa = PBXFileReference; lastKnownFileType = image.png; name = user.png; path = AFNetworking/user.png; sourceTree = "<group>"; };
		F5AF80271E3F7B8B003D5B8B /* UIScrollView+InfiniteScroll.h */ = {isa = PBXFileReference; fileEncoding = 4; lastKnownFileType = sourcecode.c.h; name = "UIScrollView+InfiniteScroll.h"; path = "../AFNetworking/UIScrollView+InfiniteScroll.h"; sourceTree = "<group>"; };
		F5AF80281E3F7B8B003D5B8B /* UIScrollView+InfiniteScroll.m */ = {isa = PBXFileReference; fileEncoding = 4; lastKnownFileType = sourcecode.c.objc; name = "UIScrollView+InfiniteScroll.m"; path = "../AFNetworking/UIScrollView+InfiniteScroll.m"; sourceTree = "<group>"; };
		F5AF802A1E3F859D003D5B8B /* Friend.h */ = {isa = PBXFileReference; fileEncoding = 4; lastKnownFileType = sourcecode.c.h; path = Friend.h; sourceTree = "<group>"; };
		F5AF802B1E3F859D003D5B8B /* Friend.m */ = {isa = PBXFileReference; fileEncoding = 4; lastKnownFileType = sourcecode.c.objc; path = Friend.m; sourceTree = "<group>"; };
/* End PBXFileReference section */

/* Begin PBXFrameworksBuildPhase section */
		F5AF7FC71E3F6577003D5B8B /* Frameworks */ = {
			isa = PBXFrameworksBuildPhase;
			buildActionMask = 2147483647;
			files = (
			);
			runOnlyForDeploymentPostprocessing = 0;
		};
/* End PBXFrameworksBuildPhase section */

/* Begin PBXGroup section */
		F5AF7FC11E3F6577003D5B8B = {
			isa = PBXGroup;
			children = (
				F5AF7FCC1E3F6578003D5B8B /* VK API */,
				F5AF7FCB1E3F6577003D5B8B /* Products */,
				F5AF801F1E3F6792003D5B8B /* img */,
				F5AF7FEA1E3F6700003D5B8B /* AFNetworking */,
			);
			sourceTree = "<group>";
		};
		F5AF7FCB1E3F6577003D5B8B /* Products */ = {
			isa = PBXGroup;
			children = (
				F5AF7FCA1E3F6577003D5B8B /* VK API.app */,
			);
			name = Products;
			sourceTree = "<group>";
		};
		F5AF7FCC1E3F6578003D5B8B /* VK API */ = {
			isa = PBXGroup;
			children = (
				F5AF802D1E3F85A1003D5B8B /* Model */,
				F5AF80271E3F7B8B003D5B8B /* UIScrollView+InfiniteScroll.h */,
				F5AF80281E3F7B8B003D5B8B /* UIScrollView+InfiniteScroll.m */,
				F5AF7FD01E3F6578003D5B8B /* AppDelegate.h */,
				F5AF7FD11E3F6578003D5B8B /* AppDelegate.m */,
				F5AF7FE71E3F66D6003D5B8B /* ServerManager.h */,
				F5AF7FE81E3F66D6003D5B8B /* ServerManager.m */,
				F5AF7FE41E3F6661003D5B8B /* FriendsTableViewController.h */,
				F5AF7FE51E3F6661003D5B8B /* FriendsTableViewController.m */,
				F5AF7FD61E3F6578003D5B8B /* Main.storyboard */,
				F5AF7FCD1E3F6578003D5B8B /* Supporting Files */,
			);
			path = "VK API";
			sourceTree = "<group>";
		};
		F5AF7FCD1E3F6578003D5B8B /* Supporting Files */ = {
			isa = PBXGroup;
			children = (
				F5AF7FD91E3F6578003D5B8B /* Assets.xcassets */,
				F5AF7FDB1E3F6578003D5B8B /* LaunchScreen.storyboard */,
				F5AF7FDE1E3F6578003D5B8B /* Info.plist */,
				F5AF7FCE1E3F6578003D5B8B /* main.m */,
			);
			name = "Supporting Files";
			sourceTree = "<group>";
		};
		F5AF7FEA1E3F6700003D5B8B /* AFNetworking */ = {
			isa = PBXGroup;
			children = (
				F5AF7FEB1E3F6700003D5B8B /* AFNetworking */,
				F5AF7FF91E3F6700003D5B8B /* UIKit+AFNetworking */,
			);
			path = AFNetworking;
			sourceTree = "<group>";
		};
		F5AF7FEB1E3F6700003D5B8B /* AFNetworking */ = {
			isa = PBXGroup;
			children = (
				F5AF7FEC1E3F6700003D5B8B /* AFHTTPSessionManager.h */,
				F5AF7FED1E3F6700003D5B8B /* AFHTTPSessionManager.m */,
				F5AF7FEE1E3F6700003D5B8B /* AFNetworking.h */,
				F5AF7FEF1E3F6700003D5B8B /* AFNetworkReachabilityManager.h */,
				F5AF7FF01E3F6700003D5B8B /* AFNetworkReachabilityManager.m */,
				F5AF7FF11E3F6700003D5B8B /* AFSecurityPolicy.h */,
				F5AF7FF21E3F6700003D5B8B /* AFSecurityPolicy.m */,
				F5AF7FF31E3F6700003D5B8B /* AFURLRequestSerialization.h */,
				F5AF7FF41E3F6700003D5B8B /* AFURLRequestSerialization.m */,
				F5AF7FF51E3F6700003D5B8B /* AFURLResponseSerialization.h */,
				F5AF7FF61E3F6700003D5B8B /* AFURLResponseSerialization.m */,
				F5AF7FF71E3F6700003D5B8B /* AFURLSessionManager.h */,
				F5AF7FF81E3F6700003D5B8B /* AFURLSessionManager.m */,
			);
			path = AFNetworking;
			sourceTree = "<group>";
		};
		F5AF7FF91E3F6700003D5B8B /* UIKit+AFNetworking */ = {
			isa = PBXGroup;
			children = (
				F5AF7FFA1E3F6700003D5B8B /* AFAutoPurgingImageCache.h */,
				F5AF7FFB1E3F6700003D5B8B /* AFAutoPurgingImageCache.m */,
				F5AF7FFC1E3F6700003D5B8B /* AFImageDownloader.h */,
				F5AF7FFD1E3F6700003D5B8B /* AFImageDownloader.m */,
				F5AF7FFE1E3F6700003D5B8B /* AFNetworkActivityIndicatorManager.h */,
				F5AF7FFF1E3F6700003D5B8B /* AFNetworkActivityIndicatorManager.m */,
				F5AF80001E3F6700003D5B8B /* UIActivityIndicatorView+AFNetworking.h */,
				F5AF80011E3F6700003D5B8B /* UIActivityIndicatorView+AFNetworking.m */,
				F5AF80021E3F6700003D5B8B /* UIButton+AFNetworking.h */,
				F5AF80031E3F6700003D5B8B /* UIButton+AFNetworking.m */,
				F5AF80041E3F6700003D5B8B /* UIImage+AFNetworking.h */,
				F5AF80051E3F6700003D5B8B /* UIImageView+AFNetworking.h */,
				F5AF80061E3F6700003D5B8B /* UIImageView+AFNetworking.m */,
				F5AF80071E3F6700003D5B8B /* UIKit+AFNetworking.h */,
				F5AF80081E3F6700003D5B8B /* UIProgressView+AFNetworking.h */,
				F5AF80091E3F6700003D5B8B /* UIProgressView+AFNetworking.m */,
				F5AF800A1E3F6700003D5B8B /* UIRefreshControl+AFNetworking.h */,
				F5AF800B1E3F6700003D5B8B /* UIRefreshControl+AFNetworking.m */,
				F5AF800C1E3F6700003D5B8B /* UIWebView+AFNetworking.h */,
				F5AF800D1E3F6700003D5B8B /* UIWebView+AFNetworking.m */,
			);
			path = "UIKit+AFNetworking";
			sourceTree = "<group>";
		};
		F5AF801F1E3F6792003D5B8B /* img */ = {
			isa = PBXGroup;
			children = (
				F5AF801D1E3F677E003D5B8B /* user.png */,
			);
			name = img;
			sourceTree = "<group>";
		};
		F5AF802D1E3F85A1003D5B8B /* Model */ = {
			isa = PBXGroup;
			children = (
				F5AF802A1E3F859D003D5B8B /* Friend.h */,
				F5AF802B1E3F859D003D5B8B /* Friend.m */,
			);
			name = Model;
			sourceTree = "<group>";
		};
/* End PBXGroup section */

/* Begin PBXNativeTarget section */
		F5AF7FC91E3F6577003D5B8B /* VK API */ = {
			isa = PBXNativeTarget;
			buildConfigurationList = F5AF7FE11E3F6578003D5B8B /* Build configuration list for PBXNativeTarget "VK API" */;
			buildPhases = (
				F5AF7FC61E3F6577003D5B8B /* Sources */,
				F5AF7FC71E3F6577003D5B8B /* Frameworks */,
				F5AF7FC81E3F6577003D5B8B /* Resources */,
			);
			buildRules = (
			);
			dependencies = (
			);
			name = "VK API";
			productName = "VK API";
			productReference = F5AF7FCA1E3F6577003D5B8B /* VK API.app */;
			productType = "com.apple.product-type.application";
		};
/* End PBXNativeTarget section */

/* Begin PBXProject section */
		F5AF7FC21E3F6577003D5B8B /* Project object */ = {
			isa = PBXProject;
			attributes = {
				LastUpgradeCheck = 0730;
				ORGANIZATIONNAME = Vlad;
				TargetAttributes = {
					F5AF7FC91E3F6577003D5B8B = {
						CreatedOnToolsVersion = 7.3.1;
						DevelopmentTeam = 8V49DEKY9K;
					};
				};
			};
			buildConfigurationList = F5AF7FC51E3F6577003D5B8B /* Build configuration list for PBXProject "VK API" */;
			compatibilityVersion = "Xcode 3.2";
			developmentRegion = English;
			hasScannedForEncodings = 0;
			knownRegions = (
				en,
				Base,
			);
			mainGroup = F5AF7FC11E3F6577003D5B8B;
			productRefGroup = F5AF7FCB1E3F6577003D5B8B /* Products */;
			projectDirPath = "";
			projectRoot = "";
			targets = (
				F5AF7FC91E3F6577003D5B8B /* VK API */,
			);
		};
/* End PBXProject section */

/* Begin PBXResourcesBuildPhase section */
		F5AF7FC81E3F6577003D5B8B /* Resources */ = {
			isa = PBXResourcesBuildPhase;
			buildActionMask = 2147483647;
			files = (
				F5AF7FDD1E3F6578003D5B8B /* LaunchScreen.storyboard in Resources */,
				F5AF801E1E3F677E003D5B8B /* user.png in Resources */,
				F5AF7FDA1E3F6578003D5B8B /* Assets.xcassets in Resources */,
				F5AF7FD81E3F6578003D5B8B /* Main.storyboard in Resources */,
			);
			runOnlyForDeploymentPostprocessing = 0;
		};
/* End PBXResourcesBuildPhase section */

/* Begin PBXSourcesBuildPhase section */
		F5AF7FC61E3F6577003D5B8B /* Sources */ = {
			isa = PBXSourcesBuildPhase;
			buildActionMask = 2147483647;
			files = (
				F5AF80101E3F6700003D5B8B /* AFSecurityPolicy.m in Sources */,
				F5AF80121E3F6700003D5B8B /* AFURLResponseSerialization.m in Sources */,
				F5AF7FE91E3F66D6003D5B8B /* ServerManager.m in Sources */,
				F5AF7FE61E3F6661003D5B8B /* FriendsTableViewController.m in Sources */,
				F5AF800E1E3F6700003D5B8B /* AFHTTPSessionManager.m in Sources */,
				F5AF80131E3F6700003D5B8B /* AFURLSessionManager.m in Sources */,
				F5AF80171E3F6700003D5B8B /* UIActivityIndicatorView+AFNetworking.m in Sources */,
				F5AF7FD21E3F6578003D5B8B /* AppDelegate.m in Sources */,
				F5AF801A1E3F6700003D5B8B /* UIProgressView+AFNetworking.m in Sources */,
				F5AF800F1E3F6700003D5B8B /* AFNetworkReachabilityManager.m in Sources */,
				F5AF7FCF1E3F6578003D5B8B /* main.m in Sources */,
				F5AF80161E3F6700003D5B8B /* AFNetworkActivityIndicatorManager.m in Sources */,
				F5AF80191E3F6700003D5B8B /* UIImageView+AFNetworking.m in Sources */,
				F5AF80181E3F6700003D5B8B /* UIButton+AFNetworking.m in Sources */,
				F5AF801B1E3F6700003D5B8B /* UIRefreshControl+AFNetworking.m in Sources */,
				F5AF802C1E3F859D003D5B8B /* Friend.m in Sources */,
				F5AF801C1E3F6700003D5B8B /* UIWebView+AFNetworking.m in Sources */,
				F5AF80291E3F7B8B003D5B8B /* UIScrollView+InfiniteScroll.m in Sources */,
				F5AF80111E3F6700003D5B8B /* AFURLRequestSerialization.m in Sources */,
				F5AF80141E3F6700003D5B8B /* AFAutoPurgingImageCache.m in Sources */,
				F5AF80151E3F6700003D5B8B /* AFImageDownloader.m in Sources */,
			);
			runOnlyForDeploymentPostprocessing = 0;
		};
/* End PBXSourcesBuildPhase section */

/* Begin PBXVariantGroup section */
		F5AF7FD61E3F6578003D5B8B /* Main.storyboard */ = {
			isa = PBXVariantGroup;
			children = (
				F5AF7FD71E3F6578003D5B8B /* Base */,
			);
			name = Main.storyboard;
			sourceTree = "<group>";
		};
		F5AF7FDB1E3F6578003D5B8B /* LaunchScreen.storyboard */ = {
			isa = PBXVariantGroup;
			children = (
				F5AF7FDC1E3F6578003D5B8B /* Base */,
			);
			name = LaunchScreen.storyboard;
			sourceTree = "<group>";
		};
/* End PBXVariantGroup section */

/* Begin XCBuildConfiguration section */
		F5AF7FDF1E3F6578003D5B8B /* Debug */ = {
			isa = XCBuildConfiguration;
			buildSettings = {
				ALWAYS_SEARCH_USER_PATHS = NO;
				CLANG_ANALYZER_NONNULL = YES;
				CLANG_CXX_LANGUAGE_STANDARD = "gnu++0x";
				CLANG_CXX_LIBRARY = "libc++";
				CLANG_ENABLE_MODULES = YES;
				CLANG_ENABLE_OBJC_ARC = YES;
				CLANG_WARN_BOOL_CONVERSION = YES;
				CLANG_WARN_CONSTANT_CONVERSION = YES;
				CLANG_WARN_DIRECT_OBJC_ISA_USAGE = YES_ERROR;
				CLANG_WARN_EMPTY_BODY = YES;
				CLANG_WARN_ENUM_CONVERSION = YES;
				CLANG_WARN_INT_CONVERSION = YES;
				CLANG_WARN_OBJC_ROOT_CLASS = YES_ERROR;
				CLANG_WARN_UNREACHABLE_CODE = YES;
				CLANG_WARN__DUPLICATE_METHOD_MATCH = YES;
				"CODE_SIGN_IDENTITY[sdk=iphoneos*]" = "iPhone Developer";
				COPY_PHASE_STRIP = NO;
				DEBUG_INFORMATION_FORMAT = dwarf;
				ENABLE_STRICT_OBJC_MSGSEND = YES;
				ENABLE_TESTABILITY = YES;
				GCC_C_LANGUAGE_STANDARD = gnu99;
				GCC_DYNAMIC_NO_PIC = NO;
				GCC_NO_COMMON_BLOCKS = YES;
				GCC_OPTIMIZATION_LEVEL = 0;
				GCC_PREPROCESSOR_DEFINITIONS = (
					"DEBUG=1",
					"$(inherited)",
				);
				GCC_WARN_64_TO_32_BIT_CONVERSION = YES;
				GCC_WARN_ABOUT_RETURN_TYPE = YES_ERROR;
				GCC_WARN_UNDECLARED_SELECTOR = YES;
				GCC_WARN_UNINITIALIZED_AUTOS = YES_AGGRESSIVE;
				GCC_WARN_UNUSED_FUNCTION = YES;
				GCC_WARN_UNUSED_VARIABLE = YES;
				IPHONEOS_DEPLOYMENT_TARGET = 9.3;
				MTL_ENABLE_DEBUG_INFO = YES;
				ONLY_ACTIVE_ARCH = YES;
				SDKROOT = iphoneos;
			};
			name = Debug;
		};
		F5AF7FE01E3F6578003D5B8B /* Release */ = {
			isa = XCBuildConfiguration;
			buildSettings = {
				ALWAYS_SEARCH_USER_PATHS = NO;
				CLANG_ANALYZER_NONNULL = YES;
				CLANG_CXX_LANGUAGE_STANDARD = "gnu++0x";
				CLANG_CXX_LIBRARY = "libc++";
				CLANG_ENABLE_MODULES = YES;
				CLANG_ENABLE_OBJC_ARC = YES;
				CLANG_WARN_BOOL_CONVERSION = YES;
				CLANG_WARN_CONSTANT_CONVERSION = YES;
				CLANG_WARN_DIRECT_OBJC_ISA_USAGE = YES_ERROR;
				CLANG_WARN_EMPTY_BODY = YES;
				CLANG_WARN_ENUM_CONVERSION = YES;
				CLANG_WARN_INT_CONVERSION = YES;
				CLANG_WARN_OBJC_ROOT_CLASS = YES_ERROR;
				CLANG_WARN_UNREACHABLE_CODE = YES;
				CLANG_WARN__DUPLICATE_METHOD_MATCH = YES;
				"CODE_SIGN_IDENTITY[sdk=iphoneos*]" = "iPhone Developer";
				COPY_PHASE_STRIP = NO;
				DEBUG_INFORMATION_FORMAT = "dwarf-with-dsym";
				ENABLE_NS_ASSERTIONS = NO;
				ENABLE_STRICT_OBJC_MSGSEND = YES;
				GCC_C_LANGUAGE_STANDARD = gnu99;
				GCC_NO_COMMON_BLOCKS = YES;
				GCC_WARN_64_TO_32_BIT_CONVERSION = YES;
				GCC_WARN_ABOUT_RETURN_TYPE = YES_ERROR;
				GCC_WARN_UNDECLARED_SELECTOR = YES;
				GCC_WARN_UNINITIALIZED_AUTOS = YES_AGGRESSIVE;
				GCC_WARN_UNUSED_FUNCTION = YES;
				GCC_WARN_UNUSED_VARIABLE = YES;
				IPHONEOS_DEPLOYMENT_TARGET = 9.3;
				MTL_ENABLE_DEBUG_INFO = NO;
				SDKROOT = iphoneos;
				VALIDATE_PRODUCT = YES;
			};
			name = Release;
		};
		F5AF7FE21E3F6578003D5B8B /* Debug */ = {
			isa = XCBuildConfiguration;
			buildSettings = {
				ASSETCATALOG_COMPILER_APPICON_NAME = AppIcon;
				CODE_SIGN_IDENTITY = "iPhone Developer";
				"CODE_SIGN_IDENTITY[sdk=iphoneos*]" = "iPhone Developer";
				INFOPLIST_FILE = "VK API/Info.plist";
				IPHONEOS_DEPLOYMENT_TARGET = 8.4;
				LD_RUNPATH_SEARCH_PATHS = "$(inherited) @executable_path/Frameworks";
				PRODUCT_BUNDLE_IDENTIFIER = "com.azaza.VK-API";
				PRODUCT_NAME = "$(TARGET_NAME)";
				PROVISIONING_PROFILE = "";
			};
			name = Debug;
		};
		F5AF7FE31E3F6578003D5B8B /* Release */ = {
			isa = XCBuildConfiguration;
			buildSettings = {
				ASSETCATALOG_COMPILER_APPICON_NAME = AppIcon;
				CODE_SIGN_IDENTITY = "iPhone Developer";
				"CODE_SIGN_IDENTITY[sdk=iphoneos*]" = "iPhone Developer";
				INFOPLIST_FILE = "VK API/Info.plist";
				IPHONEOS_DEPLOYMENT_TARGET = 8.4;
				LD_RUNPATH_SEARCH_PATHS = "$(inherited) @executable_path/Frameworks";
				PRODUCT_BUNDLE_IDENTIFIER = "com.azaza.VK-API";
				PRODUCT_NAME = "$(TARGET_NAME)";
				PROVISIONING_PROFILE = "";
			};
			name = Release;
		};
/* End XCBuildConfiguration section */

/* Begin XCConfigurationList section */
		F5AF7FC51E3F6577003D5B8B /* Build configuration list for PBXProject "VK API" */ = {
			isa = XCConfigurationList;
			buildConfigurations = (
				F5AF7FDF1E3F6578003D5B8B /* Debug */,
				F5AF7FE01E3F6578003D5B8B /* Release */,
			);
			defaultConfigurationIsVisible = 0;
			defaultConfigurationName = Release;
		};
		F5AF7FE11E3F6578003D5B8B /* Build configuration list for PBXNativeTarget "VK API" */ = {
			isa = XCConfigurationList;
			buildConfigurations = (
				F5AF7FE21E3F6578003D5B8B /* Debug */,
				F5AF7FE31E3F6578003D5B8B /* Release */,
			);
			defaultConfigurationIsVisible = 0;
		};
/* End XCConfigurationList section */
	};
	rootObject = F5AF7FC21E3F6577003D5B8B /* Project object */;
}
